// !$*UTF8*$!
{
	archiveVersion = 1;
	classes = {
	};
	objectVersion = 46;
	objects = {

/* Begin PBXBuildFile section */
		8AC5C85C68B29C9ABF099A03 /* Pods_ChatterBox.framework in Frameworks */ = {isa = PBXBuildFile; fileRef = 47DEB306B960E1878036D003 /* Pods_ChatterBox.framework */; };
		F11EE7431EE6796800A100EC /* LoginController.swift in Sources */ = {isa = PBXBuildFile; fileRef = F11EE7421EE6796800A100EC /* LoginController.swift */; };
		F11EE7451EE67B6800A100EC /* ViewHelper.swift in Sources */ = {isa = PBXBuildFile; fileRef = F11EE7441EE67B6800A100EC /* ViewHelper.swift */; };
		F11FBB1D1EED5B3E001AACAF /* NewMessageController.swift in Sources */ = {isa = PBXBuildFile; fileRef = F11FBB1C1EED5B3E001AACAF /* NewMessageController.swift */; };
		F1528EED1EE902F80067808C /* GoogleService-Info.plist in Resources */ = {isa = PBXBuildFile; fileRef = F1528EEC1EE902F80067808C /* GoogleService-Info.plist */; };
		F1528EF01EE913C00067808C /* FireBaseClient.swift in Sources */ = {isa = PBXBuildFile; fileRef = F1528EEF1EE913C00067808C /* FireBaseClient.swift */; };
		F1528EF21EE9184E0067808C /* NetworkingErrors.swift in Sources */ = {isa = PBXBuildFile; fileRef = F1528EF11EE9184E0067808C /* NetworkingErrors.swift */; };
		F15E60701EE2EDAD00C8A2D6 /* AppDelegate.swift in Sources */ = {isa = PBXBuildFile; fileRef = F15E606F1EE2EDAD00C8A2D6 /* AppDelegate.swift */; };
		F15E60721EE2EDAD00C8A2D6 /* MessagesController.swift in Sources */ = {isa = PBXBuildFile; fileRef = F15E60711EE2EDAD00C8A2D6 /* MessagesController.swift */; };
		F15E60771EE2EDAD00C8A2D6 /* Assets.xcassets in Resources */ = {isa = PBXBuildFile; fileRef = F15E60761EE2EDAD00C8A2D6 /* Assets.xcassets */; };
		F15E607A1EE2EDAD00C8A2D6 /* LaunchScreen.storyboard in Resources */ = {isa = PBXBuildFile; fileRef = F15E60781EE2EDAD00C8A2D6 /* LaunchScreen.storyboard */; };
		F1CA40BB1EED6B4C0021ED2E /* User.swift in Sources */ = {isa = PBXBuildFile; fileRef = F1CA40BA1EED6B4C0021ED2E /* User.swift */; };
		F1CA40BE1EED774C0021ED2E /* UserCell.swift in Sources */ = {isa = PBXBuildFile; fileRef = F1CA40BD1EED774C0021ED2E /* UserCell.swift */; };
		F1CA40C01EED8AE00021ED2E /* LoginController+handlers.swift in Sources */ = {isa = PBXBuildFile; fileRef = F1CA40BF1EED8AE00021ED2E /* LoginController+handlers.swift */; };
/* End PBXBuildFile section */

/* Begin PBXFileReference section */
		413B55D5E15ECBC52B8D149E /* Pods-ChatterBox.debug.xcconfig */ = {isa = PBXFileReference; includeInIndex = 1; lastKnownFileType = text.xcconfig; name = "Pods-ChatterBox.debug.xcconfig"; path = "Pods/Target Support Files/Pods-ChatterBox/Pods-ChatterBox.debug.xcconfig"; sourceTree = "<group>"; };
		47DEB306B960E1878036D003 /* Pods_ChatterBox.framework */ = {isa = PBXFileReference; explicitFileType = wrapper.framework; includeInIndex = 0; path = Pods_ChatterBox.framework; sourceTree = BUILT_PRODUCTS_DIR; };
		E339B13C0FC5B1DFF1399906 /* Pods-ChatterBox.release.xcconfig */ = {isa = PBXFileReference; includeInIndex = 1; lastKnownFileType = text.xcconfig; name = "Pods-ChatterBox.release.xcconfig"; path = "Pods/Target Support Files/Pods-ChatterBox/Pods-ChatterBox.release.xcconfig"; sourceTree = "<group>"; };
		F11EE7421EE6796800A100EC /* LoginController.swift */ = {isa = PBXFileReference; fileEncoding = 4; lastKnownFileType = sourcecode.swift; path = LoginController.swift; sourceTree = "<group>"; };
		F11EE7441EE67B6800A100EC /* ViewHelper.swift */ = {isa = PBXFileReference; fileEncoding = 4; lastKnownFileType = sourcecode.swift; path = ViewHelper.swift; sourceTree = "<group>"; };
		F11FBB1C1EED5B3E001AACAF /* NewMessageController.swift */ = {isa = PBXFileReference; fileEncoding = 4; lastKnownFileType = sourcecode.swift; path = NewMessageController.swift; sourceTree = "<group>"; };
		F1528EEC1EE902F80067808C /* GoogleService-Info.plist */ = {isa = PBXFileReference; fileEncoding = 4; lastKnownFileType = text.plist.xml; path = "GoogleService-Info.plist"; sourceTree = "<group>"; };
		F1528EEF1EE913C00067808C /* FireBaseClient.swift */ = {isa = PBXFileReference; fileEncoding = 4; lastKnownFileType = sourcecode.swift; path = FireBaseClient.swift; sourceTree = "<group>"; };
		F1528EF11EE9184E0067808C /* NetworkingErrors.swift */ = {isa = PBXFileReference; fileEncoding = 4; lastKnownFileType = sourcecode.swift; path = NetworkingErrors.swift; sourceTree = "<group>"; };
		F15E606C1EE2EDAC00C8A2D6 /* ChatterBox.app */ = {isa = PBXFileReference; explicitFileType = wrapper.application; includeInIndex = 0; path = ChatterBox.app; sourceTree = BUILT_PRODUCTS_DIR; };
		F15E606F1EE2EDAD00C8A2D6 /* AppDelegate.swift */ = {isa = PBXFileReference; lastKnownFileType = sourcecode.swift; path = AppDelegate.swift; sourceTree = "<group>"; };
		F15E60711EE2EDAD00C8A2D6 /* MessagesController.swift */ = {isa = PBXFileReference; lastKnownFileType = sourcecode.swift; path = MessagesController.swift; sourceTree = "<group>"; };
		F15E60761EE2EDAD00C8A2D6 /* Assets.xcassets */ = {isa = PBXFileReference; lastKnownFileType = folder.assetcatalog; path = Assets.xcassets; sourceTree = "<group>"; };
		F15E60791EE2EDAD00C8A2D6 /* Base */ = {isa = PBXFileReference; lastKnownFileType = file.storyboard; name = Base; path = Base.lproj/LaunchScreen.storyboard; sourceTree = "<group>"; };
		F15E607B1EE2EDAD00C8A2D6 /* Info.plist */ = {isa = PBXFileReference; lastKnownFileType = text.plist.xml; path = Info.plist; sourceTree = "<group>"; };
		F1CA40BA1EED6B4C0021ED2E /* User.swift */ = {isa = PBXFileReference; fileEncoding = 4; lastKnownFileType = sourcecode.swift; path = User.swift; sourceTree = "<group>"; };
		F1CA40BD1EED774C0021ED2E /* UserCell.swift */ = {isa = PBXFileReference; fileEncoding = 4; lastKnownFileType = sourcecode.swift; path = UserCell.swift; sourceTree = "<group>"; };
		F1CA40BF1EED8AE00021ED2E /* LoginController+handlers.swift */ = {isa = PBXFileReference; fileEncoding = 4; lastKnownFileType = sourcecode.swift; path = "LoginController+handlers.swift"; sourceTree = "<group>"; };
/* End PBXFileReference section */

/* Begin PBXFrameworksBuildPhase section */
		F15E60691EE2EDAC00C8A2D6 /* Frameworks */ = {
			isa = PBXFrameworksBuildPhase;
			buildActionMask = 2147483647;
			files = (
				8AC5C85C68B29C9ABF099A03 /* Pods_ChatterBox.framework in Frameworks */,
			);
			runOnlyForDeploymentPostprocessing = 0;
		};
/* End PBXFrameworksBuildPhase section */

/* Begin PBXGroup section */
		0D35365F39361DC7D918909F /* Pods */ = {
			isa = PBXGroup;
			children = (
				413B55D5E15ECBC52B8D149E /* Pods-ChatterBox.debug.xcconfig */,
				E339B13C0FC5B1DFF1399906 /* Pods-ChatterBox.release.xcconfig */,
			);
			name = Pods;
			sourceTree = "<group>";
		};
		326B367B7A5E645A336D216C /* Frameworks */ = {
			isa = PBXGroup;
			children = (
				47DEB306B960E1878036D003 /* Pods_ChatterBox.framework */,
			);
			name = Frameworks;
			sourceTree = "<group>";
		};
		F1528EEE1EE9136C0067808C /* Networking */ = {
			isa = PBXGroup;
			children = (
				F1528EEF1EE913C00067808C /* FireBaseClient.swift */,
				F1528EF11EE9184E0067808C /* NetworkingErrors.swift */,
			);
			path = Networking;
			sourceTree = "<group>";
		};
		F15E60631EE2EDAC00C8A2D6 = {
			isa = PBXGroup;
			children = (
				F15E606E1EE2EDAC00C8A2D6 /* ChatterBox */,
				F15E606D1EE2EDAC00C8A2D6 /* Products */,
				0D35365F39361DC7D918909F /* Pods */,
				326B367B7A5E645A336D216C /* Frameworks */,
			);
			sourceTree = "<group>";
		};
		F15E606D1EE2EDAC00C8A2D6 /* Products */ = {
			isa = PBXGroup;
			children = (
				F15E606C1EE2EDAC00C8A2D6 /* ChatterBox.app */,
			);
			name = Products;
			sourceTree = "<group>";
		};
		F15E606E1EE2EDAC00C8A2D6 /* ChatterBox */ = {
			isa = PBXGroup;
			children = (
				F1CA40BC1EED77190021ED2E /* TableViewCells */,
				F1CA40B91EED6B160021ED2E /* Models */,
				F1528EEE1EE9136C0067808C /* Networking */,
				F16EAF861EE6745700CC699E /* AppDelegate */,
				F16EAF871EE6757400CC699E /* Controllers */,
				F16EAF881EE676E300CC699E /* Resources */,
				F15E60781EE2EDAD00C8A2D6 /* LaunchScreen.storyboard */,
				F16EAF891EE6772500CC699E /* Supporting Files */,
			);
			path = ChatterBox;
			sourceTree = "<group>";
		};
		F16EAF861EE6745700CC699E /* AppDelegate */ = {
			isa = PBXGroup;
			children = (
				F15E606F1EE2EDAD00C8A2D6 /* AppDelegate.swift */,
			);
			path = AppDelegate;
			sourceTree = "<group>";
		};
		F16EAF871EE6757400CC699E /* Controllers */ = {
			isa = PBXGroup;
			children = (
				F15E60711EE2EDAD00C8A2D6 /* MessagesController.swift */,
				F11EE7421EE6796800A100EC /* LoginController.swift */,
				F1CA40BF1EED8AE00021ED2E /* LoginController+handlers.swift */,
				F11FBB1C1EED5B3E001AACAF /* NewMessageController.swift */,
			);
			path = Controllers;
			sourceTree = "<group>";
		};
		F16EAF881EE676E300CC699E /* Resources */ = {
			isa = PBXGroup;
			children = (
				F15E60761EE2EDAD00C8A2D6 /* Assets.xcassets */,
			);
			path = Resources;
			sourceTree = "<group>";
		};
		F16EAF891EE6772500CC699E /* Supporting Files */ = {
			isa = PBXGroup;
			children = (
				F15E607B1EE2EDAD00C8A2D6 /* Info.plist */,
				F1528EEC1EE902F80067808C /* GoogleService-Info.plist */,
				F11EE7441EE67B6800A100EC /* ViewHelper.swift */,
			);
			path = "Supporting Files";
			sourceTree = "<group>";
		};
		F1CA40B91EED6B160021ED2E /* Models */ = {
			isa = PBXGroup;
			children = (
				F1CA40BA1EED6B4C0021ED2E /* User.swift */,
			);
			path = Models;
			sourceTree = "<group>";
		};
		F1CA40BC1EED77190021ED2E /* TableViewCells */ = {
			isa = PBXGroup;
			children = (
				F1CA40BD1EED774C0021ED2E /* UserCell.swift */,
			);
			path = TableViewCells;
			sourceTree = "<group>";
		};
/* End PBXGroup section */

/* Begin PBXNativeTarget section */
		F15E606B1EE2EDAC00C8A2D6 /* ChatterBox */ = {
			isa = PBXNativeTarget;
			buildConfigurationList = F15E607E1EE2EDAD00C8A2D6 /* Build configuration list for PBXNativeTarget "ChatterBox" */;
			buildPhases = (
				A2C2565EC7C4DDCB49FBFCC6 /* [CP] Check Pods Manifest.lock */,
				F15E60681EE2EDAC00C8A2D6 /* Sources */,
				F15E60691EE2EDAC00C8A2D6 /* Frameworks */,
				F15E606A1EE2EDAC00C8A2D6 /* Resources */,
				6148C70F9434CD751F86B796 /* [CP] Embed Pods Frameworks */,
				C12CEED3AC3FB0410E4FC4C3 /* [CP] Copy Pods Resources */,
			);
			buildRules = (
			);
			dependencies = (
			);
			name = ChatterBox;
			productName = ChatterBox;
			productReference = F15E606C1EE2EDAC00C8A2D6 /* ChatterBox.app */;
			productType = "com.apple.product-type.application";
		};
/* End PBXNativeTarget section */

/* Begin PBXProject section */
		F15E60641EE2EDAC00C8A2D6 /* Project object */ = {
			isa = PBXProject;
			attributes = {
				LastSwiftUpdateCheck = 0830;
				LastUpgradeCheck = 0830;
				ORGANIZATIONNAME = Navdeep;
				TargetAttributes = {
					F15E606B1EE2EDAC00C8A2D6 = {
						CreatedOnToolsVersion = 8.3.2;
						ProvisioningStyle = Automatic;
					};
				};
			};
			buildConfigurationList = F15E60671EE2EDAC00C8A2D6 /* Build configuration list for PBXProject "ChatterBox" */;
			compatibilityVersion = "Xcode 3.2";
			developmentRegion = English;
			hasScannedForEncodings = 0;
			knownRegions = (
				en,
				Base,
			);
			mainGroup = F15E60631EE2EDAC00C8A2D6;
			productRefGroup = F15E606D1EE2EDAC00C8A2D6 /* Products */;
			projectDirPath = "";
			projectRoot = "";
			targets = (
				F15E606B1EE2EDAC00C8A2D6 /* ChatterBox */,
			);
		};
/* End PBXProject section */

/* Begin PBXResourcesBuildPhase section */
		F15E606A1EE2EDAC00C8A2D6 /* Resources */ = {
			isa = PBXResourcesBuildPhase;
			buildActionMask = 2147483647;
			files = (
				F15E607A1EE2EDAD00C8A2D6 /* LaunchScreen.storyboard in Resources */,
				F15E60771EE2EDAD00C8A2D6 /* Assets.xcassets in Resources */,
				F1528EED1EE902F80067808C /* GoogleService-Info.plist in Resources */,
			);
			runOnlyForDeploymentPostprocessing = 0;
		};
/* End PBXResourcesBuildPhase section */

/* Begin PBXShellScriptBuildPhase section */
		6148C70F9434CD751F86B796 /* [CP] Embed Pods Frameworks */ = {
			isa = PBXShellScriptBuildPhase;
			buildActionMask = 2147483647;
			files = (
			);
			inputPaths = (
			);
			name = "[CP] Embed Pods Frameworks";
			outputPaths = (
			);
			runOnlyForDeploymentPostprocessing = 0;
			shellPath = /bin/sh;
			shellScript = "\"${SRCROOT}/Pods/Target Support Files/Pods-ChatterBox/Pods-ChatterBox-frameworks.sh\"\n";
			showEnvVarsInLog = 0;
		};
		A2C2565EC7C4DDCB49FBFCC6 /* [CP] Check Pods Manifest.lock */ = {
			isa = PBXShellScriptBuildPhase;
			buildActionMask = 2147483647;
			files = (
			);
			inputPaths = (
			);
			name = "[CP] Check Pods Manifest.lock";
			outputPaths = (
			);
			runOnlyForDeploymentPostprocessing = 0;
			shellPath = /bin/sh;
			shellScript = "diff \"${PODS_PODFILE_DIR_PATH}/Podfile.lock\" \"${PODS_ROOT}/Manifest.lock\" > /dev/null\nif [ $? != 0 ] ; then\n    # print error to STDERR\n    echo \"error: The sandbox is not in sync with the Podfile.lock. Run 'pod install' or update your CocoaPods installation.\" >&2\n    exit 1\nfi\n";
			showEnvVarsInLog = 0;
		};
		C12CEED3AC3FB0410E4FC4C3 /* [CP] Copy Pods Resources */ = {
			isa = PBXShellScriptBuildPhase;
			buildActionMask = 2147483647;
			files = (
			);
			inputPaths = (
			);
			name = "[CP] Copy Pods Resources";
			outputPaths = (
			);
			runOnlyForDeploymentPostprocessing = 0;
			shellPath = /bin/sh;
			shellScript = "\"${SRCROOT}/Pods/Target Support Files/Pods-ChatterBox/Pods-ChatterBox-resources.sh\"\n";
			showEnvVarsInLog = 0;
		};
/* End PBXShellScriptBuildPhase section */

/* Begin PBXSourcesBuildPhase section */
		F15E60681EE2EDAC00C8A2D6 /* Sources */ = {
			isa = PBXSourcesBuildPhase;
			buildActionMask = 2147483647;
			files = (
				F15E60721EE2EDAD00C8A2D6 /* MessagesController.swift in Sources */,
				F1528EF01EE913C00067808C /* FireBaseClient.swift in Sources */,
				F1528EF21EE9184E0067808C /* NetworkingErrors.swift in Sources */,
				F11EE7431EE6796800A100EC /* LoginController.swift in Sources */,
				F1CA40C01EED8AE00021ED2E /* LoginController+handlers.swift in Sources */,
				F1CA40BB1EED6B4C0021ED2E /* User.swift in Sources */,
				F1CA40BE1EED774C0021ED2E /* UserCell.swift in Sources */,
				F11FBB1D1EED5B3E001AACAF /* NewMessageController.swift in Sources */,
				F11EE7451EE67B6800A100EC /* ViewHelper.swift in Sources */,
				F15E60701EE2EDAD00C8A2D6 /* AppDelegate.swift in Sources */,
			);
			runOnlyForDeploymentPostprocessing = 0;
		};
/* End PBXSourcesBuildPhase section */

/* Begin PBXVariantGroup section */
		F15E60781EE2EDAD00C8A2D6 /* LaunchScreen.storyboard */ = {
			isa = PBXVariantGroup;
			children = (
				F15E60791EE2EDAD00C8A2D6 /* Base */,
			);
			name = LaunchScreen.storyboard;
			sourceTree = "<group>";
		};
/* End PBXVariantGroup section */

/* Begin XCBuildConfiguration section */
		F15E607C1EE2EDAD00C8A2D6 /* Debug */ = {
			isa = XCBuildConfiguration;
			buildSettings = {
				ALWAYS_SEARCH_USER_PATHS = NO;
				CLANG_ANALYZER_NONNULL = YES;
				CLANG_ANALYZER_NUMBER_OBJECT_CONVERSION = YES_AGGRESSIVE;
				CLANG_CXX_LANGUAGE_STANDARD = "gnu++0x";
				CLANG_CXX_LIBRARY = "libc++";
				CLANG_ENABLE_MODULES = YES;
				CLANG_ENABLE_OBJC_ARC = YES;
				CLANG_WARN_BOOL_CONVERSION = YES;
				CLANG_WARN_CONSTANT_CONVERSION = YES;
				CLANG_WARN_DIRECT_OBJC_ISA_USAGE = YES_ERROR;
				CLANG_WARN_DOCUMENTATION_COMMENTS = YES;
				CLANG_WARN_EMPTY_BODY = YES;
				CLANG_WARN_ENUM_CONVERSION = YES;
				CLANG_WARN_INFINITE_RECURSION = YES;
				CLANG_WARN_INT_CONVERSION = YES;
				CLANG_WARN_OBJC_ROOT_CLASS = YES_ERROR;
				CLANG_WARN_SUSPICIOUS_MOVE = YES;
				CLANG_WARN_UNREACHABLE_CODE = YES;
				CLANG_WARN__DUPLICATE_METHOD_MATCH = YES;
				"CODE_SIGN_IDENTITY[sdk=iphoneos*]" = "iPhone Developer";
				COPY_PHASE_STRIP = NO;
				DEBUG_INFORMATION_FORMAT = dwarf;
				ENABLE_STRICT_OBJC_MSGSEND = YES;
				ENABLE_TESTABILITY = YES;
				GCC_C_LANGUAGE_STANDARD = gnu99;
				GCC_DYNAMIC_NO_PIC = NO;
				GCC_NO_COMMON_BLOCKS = YES;
				GCC_OPTIMIZATION_LEVEL = 0;
				GCC_PREPROCESSOR_DEFINITIONS = (
					"DEBUG=1",
					"$(inherited)",
				);
				GCC_WARN_64_TO_32_BIT_CONVERSION = YES;
				GCC_WARN_ABOUT_RETURN_TYPE = YES_ERROR;
				GCC_WARN_UNDECLARED_SELECTOR = YES;
				GCC_WARN_UNINITIALIZED_AUTOS = YES_AGGRESSIVE;
				GCC_WARN_UNUSED_FUNCTION = YES;
				GCC_WARN_UNUSED_VARIABLE = YES;
				IPHONEOS_DEPLOYMENT_TARGET = 10.3;
				MTL_ENABLE_DEBUG_INFO = YES;
				ONLY_ACTIVE_ARCH = YES;
				SDKROOT = iphoneos;
				SWIFT_ACTIVE_COMPILATION_CONDITIONS = DEBUG;
				SWIFT_OPTIMIZATION_LEVEL = "-Onone";
				TARGETED_DEVICE_FAMILY = "1,2";
			};
			name = Debug;
		};
		F15E607D1EE2EDAD00C8A2D6 /* Release */ = {
			isa = XCBuildConfiguration;
			buildSettings = {
				ALWAYS_SEARCH_USER_PATHS = NO;
				CLANG_ANALYZER_NONNULL = YES;
				CLANG_ANALYZER_NUMBER_OBJECT_CONVERSION = YES_AGGRESSIVE;
				CLANG_CXX_LANGUAGE_STANDARD = "gnu++0x";
				CLANG_CXX_LIBRARY = "libc++";
				CLANG_ENABLE_MODULES = YES;
				CLANG_ENABLE_OBJC_ARC = YES;
				CLANG_WARN_BOOL_CONVERSION = YES;
				CLANG_WARN_CONSTANT_CONVERSION = YES;
				CLANG_WARN_DIRECT_OBJC_ISA_USAGE = YES_ERROR;
				CLANG_WARN_DOCUMENTATION_COMMENTS = YES;
				CLANG_WARN_EMPTY_BODY = YES;
				CLANG_WARN_ENUM_CONVERSION = YES;
				CLANG_WARN_INFINITE_RECURSION = YES;
				CLANG_WARN_INT_CONVERSION = YES;
				CLANG_WARN_OBJC_ROOT_CLASS = YES_ERROR;
				CLANG_WARN_SUSPICIOUS_MOVE = YES;
				CLANG_WARN_UNREACHABLE_CODE = YES;
				CLANG_WARN__DUPLICATE_METHOD_MATCH = YES;
				"CODE_SIGN_IDENTITY[sdk=iphoneos*]" = "iPhone Developer";
				COPY_PHASE_STRIP = NO;
				DEBUG_INFORMATION_FORMAT = "dwarf-with-dsym";
				ENABLE_NS_ASSERTIONS = NO;
				ENABLE_STRICT_OBJC_MSGSEND = YES;
				GCC_C_LANGUAGE_STANDARD = gnu99;
				GCC_NO_COMMON_BLOCKS = YES;
				GCC_WARN_64_TO_32_BIT_CONVERSION = YES;
				GCC_WARN_ABOUT_RETURN_TYPE = YES_ERROR;
				GCC_WARN_UNDECLARED_SELECTOR = YES;
				GCC_WARN_UNINITIALIZED_AUTOS = YES_AGGRESSIVE;
				GCC_WARN_UNUSED_FUNCTION = YES;
				GCC_WARN_UNUSED_VARIABLE = YES;
				IPHONEOS_DEPLOYMENT_TARGET = 10.3;
				MTL_ENABLE_DEBUG_INFO = NO;
				SDKROOT = iphoneos;
				SWIFT_OPTIMIZATION_LEVEL = "-Owholemodule";
				TARGETED_DEVICE_FAMILY = "1,2";
				VALIDATE_PRODUCT = YES;
			};
			name = Release;
		};
		F15E607F1EE2EDAD00C8A2D6 /* Debug */ = {
			isa = XCBuildConfiguration;
			baseConfigurationReference = 413B55D5E15ECBC52B8D149E /* Pods-ChatterBox.debug.xcconfig */;
			buildSettings = {
				ASSETCATALOG_COMPILER_APPICON_NAME = AppIcon;
				INFOPLIST_FILE = "$(SRCROOT)/ChatterBox/Supporting Files/Info.plist";
				LD_RUNPATH_SEARCH_PATHS = "$(inherited) @executable_path/Frameworks";
				PRODUCT_BUNDLE_IDENTIFIER = com.Navdeep.ChatterBox;
				PRODUCT_NAME = "$(TARGET_NAME)";
				SWIFT_VERSION = 3.0;
			};
			name = Debug;
		};
		F15E60801EE2EDAD00C8A2D6 /* Release */ = {
			isa = XCBuildConfiguration;
			baseConfigurationReference = E339B13C0FC5B1DFF1399906 /* Pods-ChatterBox.release.xcconfig */;
			buildSettings = {
				ASSETCATALOG_COMPILER_APPICON_NAME = AppIcon;
				INFOPLIST_FILE = "$(SRCROOT)/ChatterBox/Supporting Files/Info.plist";
				LD_RUNPATH_SEARCH_PATHS = "$(inherited) @executable_path/Frameworks";
				PRODUCT_BUNDLE_IDENTIFIER = com.Navdeep.ChatterBox;
				PRODUCT_NAME = "$(TARGET_NAME)";
				SWIFT_VERSION = 3.0;
			};
			name = Release;
		};
/* End XCBuildConfiguration section */

/* Begin XCConfigurationList section */
		F15E60671EE2EDAC00C8A2D6 /* Build configuration list for PBXProject "ChatterBox" */ = {
			isa = XCConfigurationList;
			buildConfigurations = (
				F15E607C1EE2EDAD00C8A2D6 /* Debug */,
				F15E607D1EE2EDAD00C8A2D6 /* Release */,
			);
			defaultConfigurationIsVisible = 0;
			defaultConfigurationName = Release;
		};
		F15E607E1EE2EDAD00C8A2D6 /* Build configuration list for PBXNativeTarget "ChatterBox" */ = {
			isa = XCConfigurationList;
			buildConfigurations = (
				F15E607F1EE2EDAD00C8A2D6 /* Debug */,
				F15E60801EE2EDAD00C8A2D6 /* Release */,
			);
			defaultConfigurationIsVisible = 0;
			defaultConfigurationName = Release;
		};
/* End XCConfigurationList section */
	};
	rootObject = F15E60641EE2EDAC00C8A2D6 /* Project object */;
}
